<?xml version="1.0" encoding="utf-8"?>
<Project ToolsVersion="4.0" xmlns="http://schemas.microsoft.com/developer/msbuild/2003">
  <ItemGroup>
    <Filter Include="RFGR Structs">
      <UniqueIdentifier>{ac7bae05-808c-43c4-8c08-ddc078f44eb2}</UniqueIdentifier>
    </Filter>
    <Filter Include="Lua Binding">
      <UniqueIdentifier>{a6816808-2e5b-4a81-85a5-515bcf4d5ea4}</UniqueIdentifier>
    </Filter>
    <Filter Include="Hooks">
      <UniqueIdentifier>{71a6441f-ef7e-492d-ae68-6a06e4f846c1}</UniqueIdentifier>
    </Filter>
    <Filter Include="Lua Binding\Functions">
      <UniqueIdentifier>{1284103c-9bb8-478b-b4aa-bdde3f4526de}</UniqueIdentifier>
    </Filter>
    <Filter Include="Lua Binding\Usertypes">
      <UniqueIdentifier>{560be5b7-3345-4ded-91e0-497e99978dee}</UniqueIdentifier>
    </Filter>
    <Filter Include="Lua Binding\Usertypes\Physics">
      <UniqueIdentifier>{70814c7d-57fe-421c-a094-667f90ee7301}</UniqueIdentifier>
    </Filter>
    <Filter Include="Lua Binding\Usertypes\Objects">
      <UniqueIdentifier>{f78254f3-9bfd-4ebf-a05c-1ff9b4df8448}</UniqueIdentifier>
    </Filter>
    <Filter Include="Lua Binding\Usertypes\Misc">
      <UniqueIdentifier>{a3b2abb0-55c2-4489-8a31-f122d6a45ffc}</UniqueIdentifier>
    </Filter>
    <Filter Include="Lua Binding\Usertypes\Objects\Human">
      <UniqueIdentifier>{83b7462f-4746-42d0-84c5-fa8a1facce87}</UniqueIdentifier>
    </Filter>
    <Filter Include="Lua Binding\Usertypes\Objects\Player">
      <UniqueIdentifier>{2b857091-4412-45ac-a15a-d0abca4de401}</UniqueIdentifier>
    </Filter>
    <Filter Include="Lua Binding\Usertypes\Objects\Object">
      <UniqueIdentifier>{887c0088-d62d-4585-a402-06809caab12b}</UniqueIdentifier>
    </Filter>
    <Filter Include="Lua Binding\Usertypes\Objects\Vehicle">
      <UniqueIdentifier>{998698db-d813-4ff0-b55a-7c040003a19e}</UniqueIdentifier>
    </Filter>
    <Filter Include="Lua Binding\Usertypes\Objects\Flyer">
      <UniqueIdentifier>{d10ff4d9-027d-4e4e-8159-01d7fcdac547}</UniqueIdentifier>
    </Filter>
    <Filter Include="Lua Binding\Usertypes\Objects\Weapon">
      <UniqueIdentifier>{52e0c18b-77a8-44c5-95f5-9c3f97585435}</UniqueIdentifier>
    </Filter>
    <Filter Include="Lua Binding\Usertypes\World">
      <UniqueIdentifier>{c4e744a3-b135-4af8-92e6-12481c2ef914}</UniqueIdentifier>
    </Filter>
    <Filter Include="Main">
      <UniqueIdentifier>{cd855315-0781-47b5-9928-aca0d85bb56c}</UniqueIdentifier>
    </Filter>
    <Filter Include="Main\Libraries">
      <UniqueIdentifier>{6621adfc-d1d4-4299-aa02-2cb64da01534}</UniqueIdentifier>
    </Filter>
    <Filter Include="Main\Libraries\fmt">
      <UniqueIdentifier>{17b8a0fa-c3b4-4855-8110-8f692d260b5c}</UniqueIdentifier>
    </Filter>
    <Filter Include="Main\Utils">
      <UniqueIdentifier>{a11cf198-61fa-44fc-935b-f402b5945c29}</UniqueIdentifier>
    </Filter>
    <Filter Include="Main\Globals &amp; includes">
      <UniqueIdentifier>{21ed13b5-afbd-40a9-bd41-613a3cbee407}</UniqueIdentifier>
    </Filter>
    <Filter Include="Main\Misc">
      <UniqueIdentifier>{1c0d1b75-d19a-41ea-8ffd-9607b0a7e607}</UniqueIdentifier>
    </Filter>
    <Filter Include="Main\Functions">
      <UniqueIdentifier>{2c404ce3-6554-4f85-a3bf-f05582bffa4b}</UniqueIdentifier>
    </Filter>
    <Filter Include="Gui">
      <UniqueIdentifier>{a6d8a793-b545-460c-a878-f5b9f6e89230}</UniqueIdentifier>
    </Filter>
    <Filter Include="Gui\Spawners">
      <UniqueIdentifier>{e690b47a-a662-4ffe-8c3c-f0c0b55c74a9}</UniqueIdentifier>
    </Filter>
    <Filter Include="Gui\Spawners\Vehicle spawner">
      <UniqueIdentifier>{4dd39f22-68bd-44e9-9183-459276ac34f4}</UniqueIdentifier>
    </Filter>
    <Filter Include="Gui\Spawners\Explosion spawner">
      <UniqueIdentifier>{efbd7876-b599-49b1-b4a6-7481c969eef6}</UniqueIdentifier>
    </Filter>
    <Filter Include="Gui\Tweaks and settings">
      <UniqueIdentifier>{0fc44d6f-933d-4915-a818-db138b494fd6}</UniqueIdentifier>
    </Filter>
    <Filter Include="Gui\Tweaks and settings\Graphics tweaks">
      <UniqueIdentifier>{34697b2c-e44d-4c4d-9653-98691ca2898c}</UniqueIdentifier>
    </Filter>
    <Filter Include="Gui\Tweaks and settings\Camera settings">
      <UniqueIdentifier>{62c3a6e7-2bfa-415b-9ed7-e9436d562d39}</UniqueIdentifier>
    </Filter>
    <Filter Include="Gui\Tweaks and settings\General tweaks gui">
      <UniqueIdentifier>{7328f843-5923-48cf-9391-b0445f48df43}</UniqueIdentifier>
    </Filter>
    <Filter Include="Gui\Tweaks and settings\Physics gui">
      <UniqueIdentifier>{83e311e2-6c79-4ed1-b893-6dbd844355a9}</UniqueIdentifier>
    </Filter>
    <Filter Include="Gui\Data viewers">
      <UniqueIdentifier>{2d70f33c-b6ac-46c7-91c2-7cc2ad01785c}</UniqueIdentifier>
    </Filter>
    <Filter Include="Gui\Data viewers\Logger">
      <UniqueIdentifier>{0e86e7fe-7e44-4592-9392-fba6b62d98c9}</UniqueIdentifier>
    </Filter>
    <Filter Include="Gui\Data viewers\Introspection gui">
      <UniqueIdentifier>{a9446c9c-d824-4b3f-9ee3-2982cb8de2a8}</UniqueIdentifier>
    </Filter>
    <Filter Include="Gui\Data viewers\Event viewer">
      <UniqueIdentifier>{68c4fa7a-8b7e-4c32-b6f7-3a61e8b32f1f}</UniqueIdentifier>
    </Filter>
    <Filter Include="Gui\Misc">
      <UniqueIdentifier>{6fc5c572-db40-4a0a-b770-f5ff41c75179}</UniqueIdentifier>
    </Filter>
    <Filter Include="Gui\Misc\Console">
      <UniqueIdentifier>{bfe5e377-793e-4f4a-a004-912c7fe69a87}</UniqueIdentifier>
    </Filter>
    <Filter Include="Gui\Misc\Main menu bar">
      <UniqueIdentifier>{44eb8161-a008-4962-a097-090b4f904f4f}</UniqueIdentifier>
    </Filter>
    <Filter Include="Gui\Misc\Welcome gui">
      <UniqueIdentifier>{a03a4175-acc5-4b00-8e52-499f2b4721dc}</UniqueIdentifier>
    </Filter>
    <Filter Include="Gui\Misc\Script selector">
      <UniqueIdentifier>{a88102d2-78ec-4098-befa-5d5aec1fdb6d}</UniqueIdentifier>
    </Filter>
    <Filter Include="Gui\Misc\Teleporter">
      <UniqueIdentifier>{15ed214d-7c49-4d60-84a4-539ccad5436d}</UniqueIdentifier>
    </Filter>
    <Filter Include="Gui\Misc\Script editor">
      <UniqueIdentifier>{4137cd07-ad5f-4425-b06e-e45b8719c670}</UniqueIdentifier>
    </Filter>
    <Filter Include="Main\Libraries\Kiero">
      <UniqueIdentifier>{7dc8ed92-9f36-4fd6-ad03-7b3b12238419}</UniqueIdentifier>
    </Filter>
    <Filter Include="Main\Libraries\Dear ImGui">
      <UniqueIdentifier>{3317ac21-918c-4512-8ccf-d55859b4d1fd}</UniqueIdentifier>
    </Filter>
    <Filter Include="Main\Libraries\MinHook">
      <UniqueIdentifier>{394d03a5-a48d-4a67-8592-ec243b45acbe}</UniqueIdentifier>
    </Filter>
    <Filter Include="Main\Managers">
      <UniqueIdentifier>{3dbd3252-dd00-4f30-b0c6-2a7b9220a98a}</UniqueIdentifier>
    </Filter>
    <Filter Include="Main\Managers\CameraManager">
      <UniqueIdentifier>{7605d74c-dccd-4592-917a-080c5e81f8c4}</UniqueIdentifier>
    </Filter>
    <Filter Include="Main\Managers\IpcManager">
      <UniqueIdentifier>{25bb1c27-f47a-4d16-88aa-b35912e4eb37}</UniqueIdentifier>
    </Filter>
    <Filter Include="Main\Managers\FunctionManager">
      <UniqueIdentifier>{2a11849d-f6e5-4734-aa63-feedb73774cf}</UniqueIdentifier>
    </Filter>
    <Filter Include="Main\Managers\HookManager">
      <UniqueIdentifier>{158acbf0-b932-4584-a97c-1877018d527e}</UniqueIdentifier>
    </Filter>
    <Filter Include="Main\Managers\Logger">
      <UniqueIdentifier>{ff92d82f-7d34-4556-9edc-75b941a25c2e}</UniqueIdentifier>
    </Filter>
    <Filter Include="Main\Managers\ScriptManager">
      <UniqueIdentifier>{f848aa0b-9123-4934-b6eb-7696968a9ffb}</UniqueIdentifier>
    </Filter>
    <Filter Include="Main\Managers\SnippetManager">
      <UniqueIdentifier>{30e2076f-b189-4452-8080-24943b7bf53e}</UniqueIdentifier>
    </Filter>
    <Filter Include="Main\Managers\ScriptManager\Scripts">
      <UniqueIdentifier>{181506ea-6ef9-4ea2-a210-bb69bf13e189}</UniqueIdentifier>
    </Filter>
    <Filter Include="Main\Managers\Interfaces">
      <UniqueIdentifier>{aad75ac0-471e-4217-a060-0f7a9eda0351}</UniqueIdentifier>
    </Filter>
    <Filter Include="Main\Managers\GuiManager">
      <UniqueIdentifier>{0231f992-3d50-479e-bc62-199615ab0ef1}</UniqueIdentifier>
    </Filter>
    <Filter Include="Gui\Lua">
      <UniqueIdentifier>{9632cf8b-686d-4228-ad9b-04f2ccf2f679}</UniqueIdentifier>
    </Filter>
    <Filter Include="Lua Binding\Usertypes\Gui">
      <UniqueIdentifier>{3ec82bd1-3a61-4a9d-9eb0-3519668251f2}</UniqueIdentifier>
    </Filter>
    <Filter Include="Lua Binding\Usertypes\Graphics">
      <UniqueIdentifier>{e822013d-2d50-4fe0-87a5-62ec4d4708d3}</UniqueIdentifier>
    </Filter>
    <Filter Include="Main\Types">
      <UniqueIdentifier>{4cf993ec-1c87-4346-9e3c-afcf13d1105a}</UniqueIdentifier>
    </Filter>
    <Filter Include="Main\Types\Graphics">
      <UniqueIdentifier>{1ed5aa6f-a32d-43cb-9ac1-402e3c168234}</UniqueIdentifier>
    </Filter>
  </ItemGroup>
  <ItemGroup>
    <ClCompile Include="include\fmt\format.cc">
      <Filter>Main\Libraries\fmt</Filter>
    </ClCompile>
    <ClCompile Include="include\fmt\posix.cc">
      <Filter>Main\Libraries\fmt</Filter>
    </ClCompile>
    <ClCompile Include="Hooks.cpp">
      <Filter>Hooks</Filter>
    </ClCompile>
    <ClCompile Include="WndProc.cpp">
      <Filter>Hooks</Filter>
    </ClCompile>
    <ClCompile Include="RenderHelpers.cpp">
      <Filter>Hooks</Filter>
    </ClCompile>
    <ClCompile Include="D3D11Present.cpp">
      <Filter>Hooks</Filter>
    </ClCompile>
    <ClCompile Include="KeenGraphicsResizeRenderSwapchain.cpp">
      <Filter>Hooks</Filter>
    </ClCompile>
    <ClCompile Include="KeenGraphicsBeginFrame.cpp">
      <Filter>Hooks</Filter>
    </ClCompile>
    <ClCompile Include="PlayerDoFrame.cpp">
      <Filter>Hooks</Filter>
    </ClCompile>
    <ClCompile Include="ExplosionCreate.cpp">
      <Filter>Hooks</Filter>
    </ClCompile>
    <ClCompile Include="HkpWorld_StepDeltaTime.cpp">
      <Filter>Hooks</Filter>
    </ClCompile>
    <ClCompile Include="RlCamera_RenderBegin.cpp">
      <Filter>Hooks</Filter>
    </ClCompile>
    <ClCompile Include="Application_UpdateTime.cpp">
      <Filter>Hooks</Filter>
    </ClCompile>
    <ClCompile Include="World_DoFrame.cpp">
      <Filter>Hooks</Filter>
    </ClCompile>
    <ClCompile Include="Lua_DoBuffer.cpp">
      <Filter>Hooks</Filter>
    </ClCompile>
    <ClCompile Include="Object_UpdatePosAndOrient.cpp">
      <Filter>Hooks</Filter>
    </ClCompile>
    <ClCompile Include="StreamGrid_DoFrame.cpp">
      <Filter>Hooks</Filter>
    </ClCompile>
    <ClCompile Include="PegLoadWrapper.cpp">
      <Filter>Hooks</Filter>
    </ClCompile>
    <ClCompile Include="ObjectSpawnVehicle.cpp">
      <Filter>Hooks</Filter>
    </ClCompile>
    <ClCompile Include="D3D11_ResizeBuffers.cpp">
      <Filter>Hooks</Filter>
    </ClCompile>
    <ClCompile Include="keen_ImmediateRenderer_beginRenderPass_hook.cpp">
      <Filter>Hooks</Filter>
    </ClCompile>
    <ClCompile Include="rfgl_hooks.cpp">
      <Filter>Hooks</Filter>
    </ClCompile>
    <ClCompile Include="gamestate_gp_process.cpp">
      <Filter>Hooks</Filter>
    </ClCompile>
    <ClCompile Include="rfg_init_stage_2.cpp">
      <Filter>Hooks</Filter>
    </ClCompile>
    <ClCompile Include="verify_gamesave_exit_notify.cpp">
      <Filter>Hooks</Filter>
    </ClCompile>
    <ClCompile Include="world_load_territory.cpp">
      <Filter>Hooks</Filter>
    </ClCompile>
    <ClCompile Include="CanDropVehicle.cpp">
      <Filter>Hooks</Filter>
    </ClCompile>
    <ClCompile Include="ApiTables.cpp">
      <Filter>Lua Binding\Functions</Filter>
    </ClCompile>
    <ClCompile Include="HavokBPOLua.cpp">
      <Filter>Lua Binding\Usertypes\Physics</Filter>
    </ClCompile>
    <ClCompile Include="HkpRigidBodyLua.cpp">
      <Filter>Lua Binding\Usertypes\Physics</Filter>
    </ClCompile>
    <ClCompile Include="HkpSolverInfoLua.cpp">
      <Filter>Lua Binding\Usertypes\Physics</Filter>
    </ClCompile>
    <ClCompile Include="HumanFlagsLua.cpp">
      <Filter>Lua Binding\Usertypes\Objects\Human</Filter>
    </ClCompile>
    <ClCompile Include="HumanInfoLua.cpp">
      <Filter>Lua Binding\Usertypes\Objects\Human</Filter>
    </ClCompile>
    <ClCompile Include="HumanLua.cpp">
      <Filter>Lua Binding\Usertypes\Objects\Human</Filter>
    </ClCompile>
    <ClCompile Include="HumanMPFlagsLua.cpp">
      <Filter>Lua Binding\Usertypes\Objects\Human</Filter>
    </ClCompile>
    <ClCompile Include="HumanRaycastHitInfoLua.cpp">
      <Filter>Lua Binding\Usertypes\Objects\Human</Filter>
    </ClCompile>
    <ClCompile Include="ObjectFlagsLua.cpp">
      <Filter>Lua Binding\Usertypes\Objects\Object</Filter>
    </ClCompile>
    <ClCompile Include="ObjectLua.cpp">
      <Filter>Lua Binding\Usertypes\Objects\Object</Filter>
    </ClCompile>
    <ClCompile Include="PlayerLua.cpp">
      <Filter>Lua Binding\Usertypes\Objects\Player</Filter>
    </ClCompile>
    <ClCompile Include="VehicleInfoLua.cpp">
      <Filter>Lua Binding\Usertypes\Objects\Vehicle</Filter>
    </ClCompile>
    <ClCompile Include="VehicleLua.cpp">
      <Filter>Lua Binding\Usertypes\Objects\Vehicle</Filter>
    </ClCompile>
    <ClCompile Include="FlyerLua.cpp">
      <Filter>Lua Binding\Usertypes\Objects\Flyer</Filter>
    </ClCompile>
    <ClCompile Include="VectorLua.cpp">
      <Filter>Lua Binding\Usertypes\Misc</Filter>
    </ClCompile>
    <ClCompile Include="Matrix43Lua.cpp">
      <Filter>Lua Binding\Usertypes\Misc</Filter>
    </ClCompile>
    <ClCompile Include="MatrixLua.cpp">
      <Filter>Lua Binding\Usertypes\Misc</Filter>
    </ClCompile>
    <ClCompile Include="CharacterInstanceLua.cpp">
      <Filter>Lua Binding\Usertypes\Objects\Human</Filter>
    </ClCompile>
    <ClCompile Include="AttachInfoDataLua.cpp">
      <Filter>Lua Binding\Usertypes\Misc</Filter>
    </ClCompile>
    <ClCompile Include="ContactNodeLua.cpp">
      <Filter>Lua Binding\Usertypes\Misc</Filter>
    </ClCompile>
    <ClCompile Include="InvItemInfoLua.cpp">
      <Filter>Lua Binding\Usertypes\Misc</Filter>
    </ClCompile>
    <ClCompile Include="ExplosionInfoLua.cpp">
      <Filter>Lua Binding\Usertypes\Misc</Filter>
    </ClCompile>
    <ClCompile Include="BaseTypeLua.cpp">
      <Filter>Lua Binding\Usertypes\Misc</Filter>
    </ClCompile>
    <ClCompile Include="ObjectRenderDistanceLua.cpp">
      <Filter>Lua Binding\Usertypes\Objects</Filter>
    </ClCompile>
    <ClCompile Include="TimerLua.cpp">
      <Filter>Lua Binding\Usertypes\Misc</Filter>
    </ClCompile>
    <ClCompile Include="WeaponInfoLua.cpp">
      <Filter>Lua Binding\Usertypes\Objects\Weapon</Filter>
    </ClCompile>
    <ClCompile Include="WorldLua.cpp">
      <Filter>Lua Binding\Usertypes\World</Filter>
    </ClCompile>
    <ClCompile Include="GeneralTweaksGui.cpp">
      <Filter>Gui\Tweaks and settings\General tweaks gui</Filter>
    </ClCompile>
    <ClCompile Include="BaseGui.cpp">
      <Filter>Gui</Filter>
    </ClCompile>
    <ClCompile Include="EventViewerGui.cpp">
      <Filter>Gui\Data viewers\Event viewer</Filter>
    </ClCompile>
    <ClCompile Include="TextEditorWrapper.cpp">
      <Filter>Gui\Misc\Script editor</Filter>
    </ClCompile>
    <ClCompile Include="include\ImGuiColorTextEdit\TextEditor.cpp">
      <Filter>Gui\Misc\Script editor</Filter>
    </ClCompile>
    <ClCompile Include="TeleportGui.cpp">
      <Filter>Gui\Misc\Teleporter</Filter>
    </ClCompile>
    <ClCompile Include="ScriptSelectGui.cpp">
      <Filter>Gui\Misc\Script selector</Filter>
    </ClCompile>
    <ClCompile Include="ExplosionSpawnerGui.cpp">
      <Filter>Gui\Spawners\Explosion spawner</Filter>
    </ClCompile>
    <ClCompile Include="FreeCamGui.cpp">
      <Filter>Gui\Tweaks and settings\Camera settings</Filter>
    </ClCompile>
    <ClCompile Include="GraphicsTweaksGui.cpp">
      <Filter>Gui\Tweaks and settings\Graphics tweaks</Filter>
    </ClCompile>
    <ClCompile Include="IntrospectionGui.cpp">
      <Filter>Gui\Data viewers\Introspection gui</Filter>
    </ClCompile>
    <ClCompile Include="LogWindow.cpp">
      <Filter>Gui\Data viewers\Logger</Filter>
    </ClCompile>
    <ClCompile Include="OverlayConsole.cpp">
      <Filter>Gui\Misc\Console</Filter>
    </ClCompile>
    <ClCompile Include="PhysicsGui.cpp">
      <Filter>Gui\Tweaks and settings\Physics gui</Filter>
    </ClCompile>
    <ClCompile Include="VehicleSpawnerGui.cpp">
      <Filter>Gui\Spawners\Vehicle spawner</Filter>
    </ClCompile>
    <ClCompile Include="WelcomeGui.cpp">
      <Filter>Gui\Misc\Welcome gui</Filter>
    </ClCompile>
    <ClCompile Include="MenuBarGui.cpp">
      <Filter>Gui\Misc\Main menu bar</Filter>
    </ClCompile>
    <ClCompile Include="Timer.cpp">
      <Filter>Main\Utils</Filter>
    </ClCompile>
    <ClCompile Include="Includes.cpp">
      <Filter>Main\Globals &amp; includes</Filter>
    </ClCompile>
    <ClCompile Include="Globals.cpp">
      <Filter>Main\Globals &amp; includes</Filter>
    </ClCompile>
    <ClCompile Include="Functions.cpp">
      <Filter>Main\Functions</Filter>
    </ClCompile>
    <ClCompile Include="Application.cpp">
      <Filter>Main</Filter>
    </ClCompile>
    <ClCompile Include="Launcher.cpp">
      <Filter>Main</Filter>
    </ClCompile>
    <ClCompile Include="Main.cpp">
      <Filter>Main</Filter>
    </ClCompile>
    <ClCompile Include="LuaFunctions.cpp">
      <Filter>Lua Binding</Filter>
    </ClCompile>
    <ClCompile Include="cf_open.cpp">
      <Filter>Hooks</Filter>
    </ClCompile>
    <ClCompile Include="include\ImGui\imgui_widgets.cpp">
      <Filter>Main\Libraries\Dear ImGui</Filter>
    </ClCompile>
    <ClCompile Include="include\ImGui\imgui.cpp">
      <Filter>Main\Libraries\Dear ImGui</Filter>
    </ClCompile>
    <ClCompile Include="include\ImGui\imgui_demo.cpp">
      <Filter>Main\Libraries\Dear ImGui</Filter>
    </ClCompile>
    <ClCompile Include="include\ImGui\imgui_draw.cpp">
      <Filter>Main\Libraries\Dear ImGui</Filter>
    </ClCompile>
    <ClCompile Include="imgui_impl_dx11.cpp">
      <Filter>Main\Libraries\Dear ImGui</Filter>
    </ClCompile>
    <ClCompile Include="imgui_impl_win32.cpp">
      <Filter>Main\Libraries\Dear ImGui</Filter>
    </ClCompile>
    <ClCompile Include="imgui_stdlib.cpp">
      <Filter>Main\Libraries\Dear ImGui</Filter>
    </ClCompile>
    <ClCompile Include="include\kiero\kiero.cpp">
      <Filter>Main\Libraries\Kiero</Filter>
    </ClCompile>
    <ClCompile Include="CameraManager.cpp">
      <Filter>Main\Managers\CameraManager</Filter>
    </ClCompile>
    <ClCompile Include="IpcManager.cpp">
      <Filter>Main\Managers\IpcManager</Filter>
    </ClCompile>
    <ClCompile Include="FunctionManager.cpp">
      <Filter>Main\Managers\FunctionManager</Filter>
    </ClCompile>
    <ClCompile Include="HookManager.cpp">
      <Filter>Main\Managers\HookManager</Filter>
    </ClCompile>
    <ClCompile Include="Logger.cpp">
      <Filter>Main\Managers\Logger</Filter>
    </ClCompile>
    <ClCompile Include="ScriptManager.cpp">
      <Filter>Main\Managers\ScriptManager</Filter>
    </ClCompile>
    <ClCompile Include="SnippetManager.cpp">
      <Filter>Main\Managers\SnippetManager</Filter>
    </ClCompile>
    <ClCompile Include="Bootstrapper.cpp">
      <Filter>Main</Filter>
    </ClCompile>
    <ClCompile Include="GuiFunctions.cpp">
      <Filter>Lua Binding\Functions</Filter>
    </ClCompile>
    <ClCompile Include="GuiManager.cpp">
      <Filter>Main\Managers\GuiManager</Filter>
    </ClCompile>
    <ClCompile Include="LuaGui.cpp">
      <Filter>Gui\Lua</Filter>
    </ClCompile>
    <ClCompile Include="GuiLua.cpp">
      <Filter>Lua Binding\Usertypes\Gui</Filter>
    </ClCompile>
    <ClCompile Include="GuiConstants.cpp">
      <Filter>Lua Binding\Usertypes\Gui</Filter>
    </ClCompile>
    <ClCompile Include="HdrStateBlockLua.cpp">
      <Filter>Lua Binding\Usertypes\Graphics</Filter>
    </ClCompile>
    <ClCompile Include="GraphicsFunctions.cpp">
      <Filter>Lua Binding\Functions</Filter>
    </ClCompile>
    <ClCompile Include="gem_post_event.cpp">
      <Filter>Hooks</Filter>
    </ClCompile>
    <ClCompile Include="Path.cpp">
      <Filter>Main\Utils</Filter>
    </ClCompile>
    <ClCompile Include="Util.cpp">
      <Filter>Main\Utils</Filter>
    </ClCompile>
    <ClCompile Include="GraphicsStateWrapper.cpp">
      <Filter>Main\Types\Graphics</Filter>
    </ClCompile>
    <ClCompile Include="SsaoStateBlockLua.cpp">
      <Filter>Lua Binding\Usertypes\Graphics</Filter>
    </ClCompile>
    <ClCompile Include="TerrainStateBlockLua.cpp">
      <Filter>Lua Binding\Usertypes\Graphics</Filter>
    </ClCompile>
    <ClCompile Include="SunShaftsStateBlockLua.cpp">
      <Filter>Lua Binding\Usertypes\Graphics</Filter>
    </ClCompile>
    <ClCompile Include="LightingStateBlock.cpp">
      <Filter>Lua Binding\Usertypes\Graphics</Filter>
    </ClCompile>
    <ClCompile Include="DofStateBlockLua.cpp">
      <Filter>Lua Binding\Usertypes\Graphics</Filter>
    </ClCompile>
    <ClCompile Include="MiscStateBlockLua.cpp">
      <Filter>Lua Binding\Usertypes\Graphics</Filter>
    </ClCompile>
    <ClCompile Include="ShadowStateBlockLua.cpp">
      <Filter>Lua Binding\Usertypes\Graphics</Filter>
    </ClCompile>
    <ClCompile Include="Patching.cpp">
      <Filter>Main\Utils</Filter>
    </ClCompile>
    <ClCompile Include="object_debris_create_havok_body_hook.cpp">
      <Filter>Hooks</Filter>
    </ClCompile>
  </ItemGroup>
  <ItemGroup>
    <ClInclude Include="RFGR_Type_UI.h">
      <Filter>RFGR Structs</Filter>
    </ClInclude>
    <ClInclude Include="RFGR_Types_World.h">
      <Filter>RFGR Structs</Filter>
    </ClInclude>
    <ClInclude Include="RFGR_Types.h">
      <Filter>RFGR Structs</Filter>
    </ClInclude>
    <ClInclude Include="RFGR_Types_Player.h">
      <Filter>RFGR Structs</Filter>
    </ClInclude>
    <ClInclude Include="RFGR_Containers.h">
      <Filter>RFGR Structs</Filter>
    </ClInclude>
    <ClInclude Include="RFGR_Types_StateManager.h">
      <Filter>RFGR Structs</Filter>
    </ClInclude>
    <ClInclude Include="RFGR_Types_Havok.h">
      <Filter>RFGR Structs</Filter>
    </ClInclude>
    <ClInclude Include="SolStateForward.h">
      <Filter>Lua Binding</Filter>
    </ClInclude>
    <ClInclude Include="RFGR_Types_Vehicle_Spawn_Params.h">
      <Filter>RFGR Structs</Filter>
    </ClInclude>
    <ClInclude Include="Hooks.h">
      <Filter>Hooks</Filter>
    </ClInclude>
    <ClInclude Include="RFGR_Types_weapon_info.h">
      <Filter>RFGR Structs</Filter>
    </ClInclude>
    <ClInclude Include="RFGR_Types_Keen_InputEvent.h">
      <Filter>RFGR Structs</Filter>
    </ClInclude>
    <ClInclude Include="RFGR_Types_Vehicle.h">
      <Filter>RFGR Structs</Filter>
    </ClInclude>
    <ClInclude Include="ApiTables.h">
      <Filter>Lua Binding\Functions</Filter>
    </ClInclude>
    <ClInclude Include="HavokBPOLua.h">
      <Filter>Lua Binding\Usertypes\Physics</Filter>
    </ClInclude>
    <ClInclude Include="HkpRigidBodyLua.h">
      <Filter>Lua Binding\Usertypes\Physics</Filter>
    </ClInclude>
    <ClInclude Include="HkpSolverInfoLua.h">
      <Filter>Lua Binding\Usertypes\Physics</Filter>
    </ClInclude>
    <ClInclude Include="HumanFlagsLua.h">
      <Filter>Lua Binding\Usertypes\Objects\Human</Filter>
    </ClInclude>
    <ClInclude Include="HumanInfoLua.h">
      <Filter>Lua Binding\Usertypes\Objects\Human</Filter>
    </ClInclude>
    <ClInclude Include="HumanLua.h">
      <Filter>Lua Binding\Usertypes\Objects\Human</Filter>
    </ClInclude>
    <ClInclude Include="HumanMPFlagsLua.h">
      <Filter>Lua Binding\Usertypes\Objects\Human</Filter>
    </ClInclude>
    <ClInclude Include="HumanRaycastHitInfoLua.h">
      <Filter>Lua Binding\Usertypes\Objects\Human</Filter>
    </ClInclude>
    <ClInclude Include="ObjectFlagsLua.h">
      <Filter>Lua Binding\Usertypes\Objects\Object</Filter>
    </ClInclude>
    <ClInclude Include="ObjectLua.h">
      <Filter>Lua Binding\Usertypes\Objects\Object</Filter>
    </ClInclude>
    <ClInclude Include="PlayerLua.h">
      <Filter>Lua Binding\Usertypes\Objects\Player</Filter>
    </ClInclude>
    <ClInclude Include="VehicleInfoLua.h">
      <Filter>Lua Binding\Usertypes\Objects\Vehicle</Filter>
    </ClInclude>
    <ClInclude Include="VehicleLua.h">
      <Filter>Lua Binding\Usertypes\Objects\Vehicle</Filter>
    </ClInclude>
    <ClInclude Include="FlyerLua.h">
      <Filter>Lua Binding\Usertypes\Objects\Flyer</Filter>
    </ClInclude>
    <ClInclude Include="VectorLua.h">
      <Filter>Lua Binding\Usertypes\Misc</Filter>
    </ClInclude>
    <ClInclude Include="Matrix43Lua.h">
      <Filter>Lua Binding\Usertypes\Misc</Filter>
    </ClInclude>
    <ClInclude Include="MatrixLua.h">
      <Filter>Lua Binding\Usertypes\Misc</Filter>
    </ClInclude>
    <ClInclude Include="CharacterInstanceLua.h">
      <Filter>Lua Binding\Usertypes\Objects\Human</Filter>
    </ClInclude>
    <ClInclude Include="AttachInfoDataLua.h">
      <Filter>Lua Binding\Usertypes\Misc</Filter>
    </ClInclude>
    <ClInclude Include="ContactNodeLua.h">
      <Filter>Lua Binding\Usertypes\Misc</Filter>
    </ClInclude>
    <ClInclude Include="InvItemInfoLua.h">
      <Filter>Lua Binding\Usertypes\Misc</Filter>
    </ClInclude>
    <ClInclude Include="ExplosionInfoLua.h">
      <Filter>Lua Binding\Usertypes\Misc</Filter>
    </ClInclude>
    <ClInclude Include="BaseTypeLua.h">
      <Filter>Lua Binding\Usertypes\Misc</Filter>
    </ClInclude>
    <ClInclude Include="ObjectRenderDistanceLua.h">
      <Filter>Lua Binding\Usertypes\Objects</Filter>
    </ClInclude>
    <ClInclude Include="TimerLua.h">
      <Filter>Lua Binding\Usertypes\Misc</Filter>
    </ClInclude>
    <ClInclude Include="WeaponInfoLua.h">
      <Filter>Lua Binding\Usertypes\Objects\Weapon</Filter>
    </ClInclude>
    <ClInclude Include="WorldLua.h">
      <Filter>Lua Binding\Usertypes\World</Filter>
    </ClInclude>
    <ClInclude Include="GeneralTweaksGui.h">
      <Filter>Gui\Tweaks and settings\General tweaks gui</Filter>
    </ClInclude>
    <ClInclude Include="BaseGui.h">
      <Filter>Gui</Filter>
    </ClInclude>
    <ClInclude Include="EventViewerGui.h">
      <Filter>Gui\Data viewers\Event viewer</Filter>
    </ClInclude>
    <ClInclude Include="TextEditorWrapper.h">
      <Filter>Gui\Misc\Script editor</Filter>
    </ClInclude>
    <ClInclude Include="ImGuiColorTextEdit\TextEditor.h">
      <Filter>Gui\Misc\Script editor</Filter>
    </ClInclude>
    <ClInclude Include="TeleportGui.h">
      <Filter>Gui\Misc\Teleporter</Filter>
    </ClInclude>
    <ClInclude Include="ScriptSelectGui.h">
      <Filter>Gui\Misc\Script selector</Filter>
    </ClInclude>
    <ClInclude Include="ExplosionSpawnerGui.h">
      <Filter>Gui\Spawners\Explosion spawner</Filter>
    </ClInclude>
    <ClInclude Include="FreeCamGui.h">
      <Filter>Gui\Tweaks and settings\Camera settings</Filter>
    </ClInclude>
    <ClInclude Include="GraphicsTweaksGui.h">
      <Filter>Gui\Tweaks and settings\Graphics tweaks</Filter>
    </ClInclude>
    <ClInclude Include="IntrospectionGui.h">
      <Filter>Gui\Data viewers\Introspection gui</Filter>
    </ClInclude>
    <ClInclude Include="LogWindow.h">
      <Filter>Gui\Data viewers\Logger</Filter>
    </ClInclude>
    <ClInclude Include="OverlayConsole.h">
      <Filter>Gui\Misc\Console</Filter>
    </ClInclude>
    <ClInclude Include="PhysicsGui.h">
      <Filter>Gui\Tweaks and settings\Physics gui</Filter>
    </ClInclude>
    <ClInclude Include="VehicleSpawnerGui.h">
      <Filter>Gui\Spawners\Vehicle spawner</Filter>
    </ClInclude>
    <ClInclude Include="WelcomeGui.h">
      <Filter>Gui\Misc\Welcome gui</Filter>
    </ClInclude>
    <ClInclude Include="MenuBarGui.h">
      <Filter>Gui\Misc\Main menu bar</Filter>
    </ClInclude>
    <ClInclude Include="Timer.h">
      <Filter>Main\Utils</Filter>
    </ClInclude>
    <ClInclude Include="ItsyBitsy.h">
      <Filter>Main\Utils</Filter>
    </ClInclude>
    <ClInclude Include="FixedArrayWrapper.h">
      <Filter>Main\Utils</Filter>
    </ClInclude>
    <ClInclude Include="BuildDate.h">
      <Filter>Main\Utils</Filter>
    </ClInclude>
    <ClInclude Include="Version.h">
      <Filter>Main\Utils</Filter>
    </ClInclude>
    <ClInclude Include="Includes.h">
      <Filter>Main\Globals &amp; includes</Filter>
    </ClInclude>
    <ClInclude Include="Globals.h">
      <Filter>Main\Globals &amp; includes</Filter>
    </ClInclude>
    <ClInclude Include="DeepCodeStorage.h">
      <Filter>Main\Misc</Filter>
    </ClInclude>
    <ClInclude Include="Functions.h">
      <Filter>Main\Functions</Filter>
    </ClInclude>
    <ClInclude Include="Application.h">
      <Filter>Main</Filter>
    </ClInclude>
    <ClInclude Include="Launcher.h">
      <Filter>Main</Filter>
    </ClInclude>
    <ClInclude Include="LuaFunctions.h">
      <Filter>Lua Binding</Filter>
    </ClInclude>
    <ClInclude Include="RFGR_Types_Cfile.h">
      <Filter>RFGR Structs</Filter>
    </ClInclude>
    <ClInclude Include="include\ImGui\imconfig.h">
      <Filter>Main\Libraries\Dear ImGui</Filter>
    </ClInclude>
    <ClInclude Include="include\ImGui\imgui.h">
      <Filter>Main\Libraries\Dear ImGui</Filter>
    </ClInclude>
    <ClInclude Include="imgui_impl_dx11.h">
      <Filter>Main\Libraries\Dear ImGui</Filter>
    </ClInclude>
    <ClInclude Include="imgui_impl_win32.h">
      <Filter>Main\Libraries\Dear ImGui</Filter>
    </ClInclude>
    <ClInclude Include="include\ImGui\imgui_internal.h">
      <Filter>Main\Libraries\Dear ImGui</Filter>
    </ClInclude>
    <ClInclude Include="imgui_stdlib.h">
      <Filter>Main\Libraries\Dear ImGui</Filter>
    </ClInclude>
    <ClInclude Include="include\ImGui\imstb_rectpack.h">
      <Filter>Main\Libraries\Dear ImGui</Filter>
    </ClInclude>
    <ClInclude Include="include\ImGui\imstb_textedit.h">
      <Filter>Main\Libraries\Dear ImGui</Filter>
    </ClInclude>
    <ClInclude Include="include\ImGui\imstb_truetype.h">
      <Filter>Main\Libraries\Dear ImGui</Filter>
    </ClInclude>
    <ClInclude Include="include\kiero\kiero.h">
      <Filter>Main\Libraries\Kiero</Filter>
    </ClInclude>
    <ClInclude Include="include\MinHook\MinHook.h">
      <Filter>Main\Libraries\MinHook</Filter>
    </ClInclude>
    <ClInclude Include="ICameraManager.h">
      <Filter>Main\Managers\Interfaces</Filter>
    </ClInclude>
    <ClInclude Include="IFunctionManager.h">
      <Filter>Main\Managers\Interfaces</Filter>
    </ClInclude>
    <ClInclude Include="IHookManager.h">
      <Filter>Main\Managers\Interfaces</Filter>
    </ClInclude>
    <ClInclude Include="IScriptManager.h">
      <Filter>Main\Managers\Interfaces</Filter>
    </ClInclude>
    <ClInclude Include="ISnippetManager.h">
      <Filter>Main\Managers\Interfaces</Filter>
    </ClInclude>
    <ClInclude Include="RFGR_Types_Vfx_Template.h">
      <Filter>RFGR Structs</Filter>
    </ClInclude>
    <ClInclude Include="IIpcManager.h">
      <Filter>Main\Managers\Interfaces</Filter>
    </ClInclude>
    <ClInclude Include="CameraManager.h">
      <Filter>Main\Managers\CameraManager</Filter>
    </ClInclude>
    <ClInclude Include="CameraDirection.h">
      <Filter>Main\Managers\CameraManager</Filter>
    </ClInclude>
    <ClInclude Include="IpcManager.h">
      <Filter>Main\Managers\IpcManager</Filter>
    </ClInclude>
    <ClInclude Include="FunctionManager.h">
      <Filter>Main\Managers\FunctionManager</Filter>
    </ClInclude>
    <ClInclude Include="HookManager.h">
      <Filter>Main\Managers\HookManager</Filter>
    </ClInclude>
    <ClInclude Include="Logger.h">
      <Filter>Main\Managers\Logger</Filter>
    </ClInclude>
    <ClInclude Include="ScriptManager.h">
      <Filter>Main\Managers\ScriptManager</Filter>
    </ClInclude>
    <ClInclude Include="SnippetManager.h">
      <Filter>Main\Managers\SnippetManager</Filter>
    </ClInclude>
    <ClInclude Include="ScriptResult.h">
      <Filter>Main\Managers\ScriptManager\Scripts</Filter>
    </ClInclude>
    <ClInclude Include="ScriptFolder.h">
      <Filter>Main\Managers\ScriptManager\Scripts</Filter>
    </ClInclude>
    <ClInclude Include="Script.h">
      <Filter>Main\Managers\ScriptManager\Scripts</Filter>
    </ClInclude>
    <ClInclude Include="ScriptEvent.h">
      <Filter>Main\Managers\ScriptManager\Scripts</Filter>
    </ClInclude>
    <ClInclude Include="ScriptEventHook.h">
      <Filter>Main\Managers\ScriptManager\Scripts</Filter>
    </ClInclude>
    <ClInclude Include="GuiFunctions.h">
      <Filter>Lua Binding\Functions</Filter>
    </ClInclude>
    <ClInclude Include="Bootstrapper.h">
      <Filter>Main</Filter>
    </ClInclude>
    <ClInclude Include="IGuiManager.h">
      <Filter>Main\Managers\Interfaces</Filter>
    </ClInclude>
    <ClInclude Include="GuiReference.h">
      <Filter>Main\Managers\GuiManager</Filter>
    </ClInclude>
    <ClInclude Include="Hook.h">
      <Filter>Main\Managers\HookManager</Filter>
    </ClInclude>
    <ClInclude Include="GuiManager.h">
      <Filter>Main\Managers\GuiManager</Filter>
    </ClInclude>
    <ClInclude Include="LuaGui.h">
      <Filter>Gui\Lua</Filter>
    </ClInclude>
    <ClInclude Include="GuiLua.h">
      <Filter>Lua Binding\Usertypes\Gui</Filter>
    </ClInclude>
    <ClInclude Include="GuiConstants.h">
      <Filter>Lua Binding\Usertypes\Gui</Filter>
    </ClInclude>
    <ClInclude Include="GraphicsFunctions.h">
      <Filter>Lua Binding\Functions</Filter>
    </ClInclude>
    <ClInclude Include="RFGR_Types_EventData.h">
      <Filter>RFGR Structs</Filter>
    </ClInclude>
    <ClInclude Include="RFGR_Types_Movers.h">
      <Filter>RFGR Structs</Filter>
    </ClInclude>
    <ClInclude Include="Path.h">
      <Filter>Main\Utils</Filter>
    </ClInclude>
    <ClInclude Include="Util.h">
      <Filter>Main\Utils</Filter>
    </ClInclude>
    <ClInclude Include="GraphicsStateWrapper.h">
      <Filter>Main\Types\Graphics</Filter>
    </ClInclude>
    <ClInclude Include="HdrStateBlock.h">
      <Filter>Main\Types\Graphics</Filter>
    </ClInclude>
    <ClInclude Include="ShadowStateBlock.h">
      <Filter>Main\Types\Graphics</Filter>
    </ClInclude>
    <ClInclude Include="SsaoStateBlock.h">
      <Filter>Main\Types\Graphics</Filter>
    </ClInclude>
    <ClInclude Include="TerrainStateBlock.h">
      <Filter>Main\Types\Graphics</Filter>
    </ClInclude>
    <ClInclude Include="DofStateBlock.h">
      <Filter>Main\Types\Graphics</Filter>
    </ClInclude>
    <ClInclude Include="SunShaftsStateBlock.h">
      <Filter>Main\Types\Graphics</Filter>
    </ClInclude>
    <ClInclude Include="LightingStateBlock.h">
      <Filter>Main\Types\Graphics</Filter>
    </ClInclude>
    <ClInclude Include="MiscStateBlock.h">
      <Filter>Main\Types\Graphics</Filter>
    </ClInclude>
    <ClInclude Include="GraphicsStatesLua.h">
      <Filter>Lua Binding\Usertypes\Graphics</Filter>
    </ClInclude>
    <ClInclude Include="Patching.h">
      <Filter>Main\Utils</Filter>
    </ClInclude>
  </ItemGroup>
</Project>