<?xml version="1.0" encoding="utf-8"?>
<Project ToolsVersion="4.0" xmlns="http://schemas.microsoft.com/developer/msbuild/2003">
  <ItemGroup>
    <Filter Include="D3D11 Hook + ImGui">
      <UniqueIdentifier>{7dc8ed92-9f36-4fd6-ad03-7b3b12238419}</UniqueIdentifier>
    </Filter>
    <Filter Include="D3D11 Hook + ImGui\Source Files">
      <UniqueIdentifier>{c9164e90-fb84-4cc1-8355-f60110ece66e}</UniqueIdentifier>
    </Filter>
    <Filter Include="D3D11 Hook + ImGui\Header Files">
      <UniqueIdentifier>{6edcbbe3-b2c8-44d0-80ec-0c107fb48a24}</UniqueIdentifier>
    </Filter>
    <Filter Include="RFGR Structs">
      <UniqueIdentifier>{ac7bae05-808c-43c4-8c08-ddc078f44eb2}</UniqueIdentifier>
    </Filter>
    <Filter Include="Overlay Gui">
      <UniqueIdentifier>{a6d8a793-b545-460c-a878-f5b9f6e89230}</UniqueIdentifier>
    </Filter>
    <Filter Include="Overlay Gui\Header Files">
      <UniqueIdentifier>{4213c34b-ed34-4d0e-997b-e49465ec1935}</UniqueIdentifier>
    </Filter>
    <Filter Include="Overlay Gui\Source Files">
      <UniqueIdentifier>{8cf5668e-7dab-4a97-b150-32b57f0c4179}</UniqueIdentifier>
    </Filter>
    <Filter Include="Lua Binding">
      <UniqueIdentifier>{a6816808-2e5b-4a81-85a5-515bcf4d5ea4}</UniqueIdentifier>
    </Filter>
    <Filter Include="General Files">
      <UniqueIdentifier>{cd855315-0781-47b5-9928-aca0d85bb56c}</UniqueIdentifier>
    </Filter>
    <Filter Include="General Files\Source Files">
      <UniqueIdentifier>{4FC737F1-C7A5-4376-A066-2A32D752A2FF}</UniqueIdentifier>
      <Extensions>cpp;c;cc;cxx;def;odl;idl;hpj;bat;asm;asmx</Extensions>
    </Filter>
    <Filter Include="General Files\Header Files">
      <UniqueIdentifier>{93995380-89BD-4b04-88EB-625FBE52EBFB}</UniqueIdentifier>
      <Extensions>h;hh;hpp;hxx;hm;inl;inc;ipp;xsd</Extensions>
    </Filter>
    <Filter Include="General Files\Libraries">
      <UniqueIdentifier>{6621adfc-d1d4-4299-aa02-2cb64da01534}</UniqueIdentifier>
    </Filter>
    <Filter Include="General Files\Libraries\fmt">
      <UniqueIdentifier>{17b8a0fa-c3b4-4855-8110-8f692d260b5c}</UniqueIdentifier>
    </Filter>
  </ItemGroup>
  <ItemGroup>
    <ClCompile Include="CameraWrapper.cpp">
      <Filter>General Files\Source Files</Filter>
    </ClCompile>
    <ClCompile Include="Main.cpp">
      <Filter>General Files\Source Files</Filter>
    </ClCompile>
    <ClCompile Include="SnippetManager.cpp">
      <Filter>General Files\Source Files</Filter>
    </ClCompile>
    <ClCompile Include="FunctionManager.cpp">
      <Filter>General Files\Source Files</Filter>
    </ClCompile>
    <ClCompile Include="ScriptManager.cpp">
      <Filter>General Files\Source Files</Filter>
    </ClCompile>
    <ClCompile Include="Functions.cpp">
      <Filter>General Files\Source Files</Filter>
    </ClCompile>
    <ClCompile Include="include\kiero\kiero.cpp">
      <Filter>D3D11 Hook + ImGui\Source Files</Filter>
    </ClCompile>
    <ClCompile Include="include\ImGui\imgui.cpp">
      <Filter>D3D11 Hook + ImGui\Source Files</Filter>
    </ClCompile>
    <ClCompile Include="include\ImGui\imgui_demo.cpp">
      <Filter>D3D11 Hook + ImGui\Source Files</Filter>
    </ClCompile>
    <ClCompile Include="include\ImGui\imgui_draw.cpp">
      <Filter>D3D11 Hook + ImGui\Source Files</Filter>
    </ClCompile>
    <ClCompile Include="include\ImGui\imgui_widgets.cpp">
      <Filter>D3D11 Hook + ImGui\Source Files</Filter>
    </ClCompile>
    <ClCompile Include="imgui_impl_dx11.cpp">
      <Filter>D3D11 Hook + ImGui\Source Files</Filter>
    </ClCompile>
    <ClCompile Include="imgui_impl_win32.cpp">
      <Filter>D3D11 Hook + ImGui\Source Files</Filter>
    </ClCompile>
    <ClCompile Include="Hooks.cpp">
      <Filter>General Files\Source Files</Filter>
    </ClCompile>
    <ClCompile Include="Globals.cpp">
      <Filter>General Files\Source Files</Filter>
    </ClCompile>
    <ClCompile Include="Includes.cpp">
      <Filter>General Files\Source Files</Filter>
    </ClCompile>
    <ClCompile Include="imgui_stdlib.cpp">
      <Filter>D3D11 Hook + ImGui\Source Files</Filter>
    </ClCompile>
    <ClCompile Include="Logger.cpp">
      <Filter>General Files\Source Files</Filter>
    </ClCompile>
    <ClCompile Include="HookManager.cpp">
      <Filter>General Files\Source Files</Filter>
    </ClCompile>
    <ClCompile Include="GuiSystem.cpp">
      <Filter>Overlay Gui\Source Files</Filter>
    </ClCompile>
    <ClCompile Include="OverlayConsole.cpp">
      <Filter>Overlay Gui\Source Files</Filter>
    </ClCompile>
    <ClCompile Include="TeleportGui.cpp">
      <Filter>Overlay Gui\Source Files</Filter>
    </ClCompile>
    <ClCompile Include="ThemeEditorGui.cpp">
      <Filter>Overlay Gui\Source Files</Filter>
    </ClCompile>
    <ClCompile Include="IntrospectionGui.cpp">
      <Filter>Overlay Gui\Source Files</Filter>
    </ClCompile>
    <ClCompile Include="GeneralTweaksGui.cpp">
      <Filter>Overlay Gui\Source Files</Filter>
    </ClCompile>
    <ClCompile Include="ScriptSelectGui.cpp">
      <Filter>Overlay Gui\Source Files</Filter>
    </ClCompile>
    <ClCompile Include="MenuBarGui.cpp">
      <Filter>Overlay Gui\Source Files</Filter>
    </ClCompile>
    <ClCompile Include="LogWindow.cpp">
      <Filter>Overlay Gui\Source Files</Filter>
    </ClCompile>
    <ClCompile Include="WelcomeGui.cpp">
      <Filter>Overlay Gui\Source Files</Filter>
    </ClCompile>
    <ClCompile Include="LuaFunctions.cpp">
      <Filter>General Files\Source Files</Filter>
    </ClCompile>
    <ClCompile Include="FreeCamGui.cpp">
      <Filter>Overlay Gui\Source Files</Filter>
    </ClCompile>
    <ClCompile Include="BaseGui.cpp">
      <Filter>Overlay Gui\Source Files</Filter>
    </ClCompile>
    <ClCompile Include="PhysicsGui.cpp">
      <Filter>Overlay Gui\Source Files</Filter>
    </ClCompile>
    <ClCompile Include="VectorLua.cpp">
      <Filter>Lua Binding</Filter>
    </ClCompile>
    <ClCompile Include="MatrixLua.cpp">
      <Filter>Lua Binding</Filter>
    </ClCompile>
    <ClCompile Include="Matrix43Lua.cpp">
      <Filter>Lua Binding</Filter>
    </ClCompile>
    <ClCompile Include="AttachInfoDataLua.cpp">
      <Filter>Lua Binding</Filter>
    </ClCompile>
    <ClCompile Include="ContactNodeLua.cpp">
      <Filter>Lua Binding</Filter>
    </ClCompile>
    <ClCompile Include="ObjectFlagsLua.cpp">
      <Filter>Lua Binding</Filter>
    </ClCompile>
    <ClCompile Include="HavokBPOLua.cpp">
      <Filter>Lua Binding</Filter>
    </ClCompile>
    <ClCompile Include="HumanFlagsLua.cpp">
      <Filter>Lua Binding</Filter>
    </ClCompile>
    <ClCompile Include="HumanMPFlagsLua.cpp">
      <Filter>Lua Binding</Filter>
    </ClCompile>
    <ClCompile Include="ObjectLua.cpp">
      <Filter>Lua Binding</Filter>
    </ClCompile>
    <ClCompile Include="HumanLua.cpp">
      <Filter>Lua Binding</Filter>
    </ClCompile>
    <ClCompile Include="HumanInfoLua.cpp">
      <Filter>Lua Binding</Filter>
    </ClCompile>
    <ClCompile Include="ObjectRenderDistanceLua.cpp">
      <Filter>Lua Binding</Filter>
    </ClCompile>
    <ClCompile Include="InvItemInfoLua.cpp">
      <Filter>Lua Binding</Filter>
    </ClCompile>
    <ClCompile Include="HumanRaycastHitInfoLua.cpp">
      <Filter>Lua Binding</Filter>
    </ClCompile>
    <ClCompile Include="BaseTypeLua.cpp">
      <Filter>Lua Binding</Filter>
    </ClCompile>
    <ClCompile Include="CharacterInstanceLua.cpp">
      <Filter>Lua Binding</Filter>
    </ClCompile>
    <ClCompile Include="PlayerLua.cpp">
      <Filter>Lua Binding</Filter>
    </ClCompile>
    <ClCompile Include="WorldLua.cpp">
      <Filter>Lua Binding</Filter>
    </ClCompile>
    <ClCompile Include="HkpRigidBodyLua.cpp">
      <Filter>Lua Binding</Filter>
    </ClCompile>
    <ClCompile Include="HkpSolverInfoLua.cpp">
      <Filter>Lua Binding</Filter>
    </ClCompile>
    <ClCompile Include="Application.cpp">
      <Filter>General Files\Source Files</Filter>
    </ClCompile>
    <ClCompile Include="TextEditorWrapper.cpp">
      <Filter>Overlay Gui\Source Files</Filter>
    </ClCompile>
    <ClCompile Include="include\ImGuiColorTextEdit\TextEditor.cpp">
      <Filter>Overlay Gui\Source Files</Filter>
    </ClCompile>
    <ClCompile Include="ExplosionSpawnerGui.cpp">
      <Filter>Overlay Gui\Source Files</Filter>
    </ClCompile>
    <ClCompile Include="Util.cpp">
      <Filter>General Files\Source Files</Filter>
    </ClCompile>
    <ClCompile Include="VehicleSpawnerGui.cpp">
      <Filter>Overlay Gui\Source Files</Filter>
    </ClCompile>
    <ClCompile Include="include\fmt\format.cc">
      <Filter>General Files\Libraries\fmt</Filter>
    </ClCompile>
    <ClCompile Include="include\fmt\posix.cc">
      <Filter>General Files\Libraries\fmt</Filter>
    </ClCompile>
    <ClCompile Include="ExplosionInfoLua.cpp">
      <Filter>Lua Binding</Filter>
    </ClCompile>
    <ClCompile Include="Launcher.cpp">
      <Filter>General Files\Source Files</Filter>
    </ClCompile>
  </ItemGroup>
  <ItemGroup>
    <ClInclude Include="CameraWrapper.h">
      <Filter>General Files\Header Files</Filter>
    </ClInclude>
    <ClInclude Include="Functions.h">
      <Filter>General Files\Header Files</Filter>
    </ClInclude>
    <ClInclude Include="Hooks.h">
      <Filter>General Files\Header Files</Filter>
    </ClInclude>
    <ClInclude Include="FunctionManager.h">
      <Filter>General Files\Header Files</Filter>
    </ClInclude>
    <ClInclude Include="include\kiero\kiero.h">
      <Filter>D3D11 Hook + ImGui\Header Files</Filter>
    </ClInclude>
    <ClInclude Include="include\MinHook\MinHook.h">
      <Filter>General Files\Header Files</Filter>
    </ClInclude>
    <ClInclude Include="include\ImGui\imconfig.h">
      <Filter>D3D11 Hook + ImGui\Header Files</Filter>
    </ClInclude>
    <ClInclude Include="include\ImGui\imgui.h">
      <Filter>D3D11 Hook + ImGui\Header Files</Filter>
    </ClInclude>
    <ClInclude Include="include\ImGui\imgui_internal.h">
      <Filter>D3D11 Hook + ImGui\Header Files</Filter>
    </ClInclude>
    <ClInclude Include="include\ImGui\imstb_rectpack.h">
      <Filter>D3D11 Hook + ImGui\Header Files</Filter>
    </ClInclude>
    <ClInclude Include="include\ImGui\imstb_textedit.h">
      <Filter>D3D11 Hook + ImGui\Header Files</Filter>
    </ClInclude>
    <ClInclude Include="include\ImGui\imstb_truetype.h">
      <Filter>D3D11 Hook + ImGui\Header Files</Filter>
    </ClInclude>
    <ClInclude Include="imgui_impl_dx11.h">
      <Filter>D3D11 Hook + ImGui\Header Files</Filter>
    </ClInclude>
    <ClInclude Include="imgui_impl_win32.h">
      <Filter>D3D11 Hook + ImGui\Header Files</Filter>
    </ClInclude>
    <ClInclude Include="DeepCodeStorage.h">
      <Filter>General Files\Header Files</Filter>
    </ClInclude>
    <ClInclude Include="imgui_stdlib.h">
      <Filter>D3D11 Hook + ImGui\Header Files</Filter>
    </ClInclude>
    <ClInclude Include="ScriptManager.h">
      <Filter>General Files\Header Files</Filter>
    </ClInclude>
    <ClInclude Include="SnippetManager.h">
      <Filter>General Files\Header Files</Filter>
    </ClInclude>
    <ClInclude Include="Includes.h">
      <Filter>General Files\Header Files</Filter>
    </ClInclude>
    <ClInclude Include="Logger.h">
      <Filter>General Files\Header Files</Filter>
    </ClInclude>
    <ClInclude Include="Globals.h">
      <Filter>General Files\Header Files</Filter>
    </ClInclude>
    <ClInclude Include="HookManager.h">
      <Filter>General Files\Header Files</Filter>
    </ClInclude>
    <ClInclude Include="GuiSystem.h">
      <Filter>Overlay Gui\Header Files</Filter>
    </ClInclude>
    <ClInclude Include="OverlayConsole.h">
      <Filter>Overlay Gui\Header Files</Filter>
    </ClInclude>
    <ClInclude Include="TeleportGui.h">
      <Filter>Overlay Gui\Header Files</Filter>
    </ClInclude>
    <ClInclude Include="ThemeEditorGui.h">
      <Filter>Overlay Gui\Header Files</Filter>
    </ClInclude>
    <ClInclude Include="IntrospectionGui.h">
      <Filter>Overlay Gui\Header Files</Filter>
    </ClInclude>
    <ClInclude Include="GeneralTweaksGui.h">
      <Filter>Overlay Gui\Header Files</Filter>
    </ClInclude>
    <ClInclude Include="ScriptSelectGui.h">
      <Filter>Overlay Gui\Header Files</Filter>
    </ClInclude>
    <ClInclude Include="MenuBarGui.h">
      <Filter>Overlay Gui\Header Files</Filter>
    </ClInclude>
    <ClInclude Include="LogWindow.h">
      <Filter>Overlay Gui\Header Files</Filter>
    </ClInclude>
    <ClInclude Include="WelcomeGui.h">
      <Filter>Overlay Gui\Header Files</Filter>
    </ClInclude>
    <ClInclude Include="RFGR_Type_UI.h">
      <Filter>RFGR Structs</Filter>
    </ClInclude>
    <ClInclude Include="RFGR_Types_World.h">
      <Filter>RFGR Structs</Filter>
    </ClInclude>
    <ClInclude Include="RFGR_Types.h">
      <Filter>RFGR Structs</Filter>
    </ClInclude>
    <ClInclude Include="RFGR_Types_Player.h">
      <Filter>RFGR Structs</Filter>
    </ClInclude>
    <ClInclude Include="LuaFunctions.h">
      <Filter>General Files\Header Files</Filter>
    </ClInclude>
    <ClInclude Include="ItsyBitsy.h">
      <Filter>General Files\Header Files</Filter>
    </ClInclude>
    <ClInclude Include="FreeCamGui.h">
      <Filter>Overlay Gui\Header Files</Filter>
    </ClInclude>
    <ClInclude Include="RFGR_Containers.h">
      <Filter>RFGR Structs</Filter>
    </ClInclude>
    <ClInclude Include="RFGR_Types_StateManager.h">
      <Filter>RFGR Structs</Filter>
    </ClInclude>
    <ClInclude Include="RFGR_Types_Havok.h">
      <Filter>RFGR Structs</Filter>
    </ClInclude>
    <ClInclude Include="BaseGui.h">
      <Filter>Overlay Gui\Header Files</Filter>
    </ClInclude>
    <ClInclude Include="PhysicsGui.h">
      <Filter>Overlay Gui\Header Files</Filter>
    </ClInclude>
    <ClInclude Include="VectorLua.h">
      <Filter>Lua Binding</Filter>
    </ClInclude>
    <ClInclude Include="MatrixLua.h">
      <Filter>Lua Binding</Filter>
    </ClInclude>
    <ClInclude Include="Matrix43Lua.h">
      <Filter>Lua Binding</Filter>
    </ClInclude>
    <ClInclude Include="AttachInfoDataLua.h">
      <Filter>Lua Binding</Filter>
    </ClInclude>
    <ClInclude Include="ContactNodeLua.h">
      <Filter>Lua Binding</Filter>
    </ClInclude>
    <ClInclude Include="ObjectFlagsLua.h">
      <Filter>Lua Binding</Filter>
    </ClInclude>
    <ClInclude Include="SolStateForward.h">
      <Filter>Lua Binding</Filter>
    </ClInclude>
    <ClInclude Include="HavokBPOLua.h">
      <Filter>Lua Binding</Filter>
    </ClInclude>
    <ClInclude Include="HumanFlagsLua.h">
      <Filter>Lua Binding</Filter>
    </ClInclude>
    <ClInclude Include="HumanMPFlagsLua.h">
      <Filter>Lua Binding</Filter>
    </ClInclude>
    <ClInclude Include="ObjectLua.h">
      <Filter>Lua Binding</Filter>
    </ClInclude>
    <ClInclude Include="HumanLua.h">
      <Filter>Lua Binding</Filter>
    </ClInclude>
    <ClInclude Include="HumanInfoLua.h">
      <Filter>Lua Binding</Filter>
    </ClInclude>
    <ClInclude Include="InvItemInfoLua.h">
      <Filter>Lua Binding</Filter>
    </ClInclude>
    <ClInclude Include="ObjectRenderDistanceLua.h">
      <Filter>Lua Binding</Filter>
    </ClInclude>
    <ClInclude Include="HumanRaycastHitInfoLua.h">
      <Filter>Lua Binding</Filter>
    </ClInclude>
    <ClInclude Include="BaseTypeLua.h">
      <Filter>Lua Binding</Filter>
    </ClInclude>
    <ClInclude Include="CharacterInstanceLua.h">
      <Filter>Lua Binding</Filter>
    </ClInclude>
    <ClInclude Include="PlayerLua.h">
      <Filter>Lua Binding</Filter>
    </ClInclude>
    <ClInclude Include="WorldLua.h">
      <Filter>Lua Binding</Filter>
    </ClInclude>
    <ClInclude Include="RenderInterfaceD3D11.h">
      <Filter>General Files\Header Files</Filter>
    </ClInclude>
    <ClInclude Include="HkpRigidBodyLua.h">
      <Filter>Lua Binding</Filter>
    </ClInclude>
    <ClInclude Include="HkpSolverInfoLua.h">
      <Filter>Lua Binding</Filter>
    </ClInclude>
    <ClInclude Include="Application.h">
      <Filter>General Files\Header Files</Filter>
    </ClInclude>
    <ClInclude Include="TextEditorWrapper.h">
      <Filter>Overlay Gui\Header Files</Filter>
    </ClInclude>
    <ClInclude Include="ImGuiColorTextEdit\TextEditor.h">
      <Filter>Overlay Gui\Header Files</Filter>
    </ClInclude>
    <ClInclude Include="FixedArrayWrapper.h">
      <Filter>General Files\Header Files</Filter>
    </ClInclude>
    <ClInclude Include="ExplosionSpawnerGui.h">
      <Filter>Overlay Gui\Header Files</Filter>
    </ClInclude>
    <ClInclude Include="Util.h">
      <Filter>General Files\Header Files</Filter>
    </ClInclude>
    <ClInclude Include="RFGR_Types_Vehicle_Spawn_Params.h">
      <Filter>RFGR Structs</Filter>
    </ClInclude>
    <ClInclude Include="VehicleSpawnerGui.h">
      <Filter>Overlay Gui\Header Files</Filter>
    </ClInclude>
    <ClInclude Include="ExplosionInfoLua.h">
      <Filter>Lua Binding</Filter>
    </ClInclude>
    <ClInclude Include="Launcher.h">
      <Filter>General Files\Header Files</Filter>
    </ClInclude>
  </ItemGroup>
  <ItemGroup>
    <None Include="RFGR Structs\rfg.h">
      <Filter>RFGR Structs</Filter>
    </None>
    <None Include="RFGR Structs\KeenFileSystem.h">
      <Filter>RFGR Structs</Filter>
    </None>
    <None Include="RFGR Structs\KeenTlsfAllocator.h">
      <Filter>RFGR Structs</Filter>
    </None>
    <None Include="RFGR Structs\KeenRenderEffectSystem.h">
      <Filter>RFGR Structs</Filter>
    </None>
    <None Include="RFGR Structs\KeenTaskSystem.h">
      <Filter>RFGR Structs</Filter>
    </None>
    <None Include="RFGR Structs\KaikoNamespace.h">
      <Filter>RFGR Structs</Filter>
    </None>
    <None Include="RFGR Structs\KeenGameFrameworkSystem.hpp">
      <Filter>RFGR Structs</Filter>
    </None>
    <None Include="RFGR Structs\KeenGraphicsSystem.hpp">
      <Filter>RFGR Structs</Filter>
    </None>
    <None Include="RFGR Structs\KeenMemorySystem.hpp">
      <Filter>RFGR Structs</Filter>
    </None>
    <None Include="RFGR Structs\KeenNamespace.h">
      <Filter>RFGR Structs</Filter>
    </None>
    <None Include="KeenNamespace2.h">
      <Filter>RFGR Structs</Filter>
    </None>
    <None Include="RFGR Structs\KeenNamespace2.h">
      <Filter>RFGR Structs</Filter>
    </None>
    <None Include="RFGR Structs\KeenSoundSystem.hpp">
      <Filter>RFGR Structs</Filter>
    </None>
    <None Include="RFGR Structs\MiscTypes.h">
      <Filter>RFGR Structs</Filter>
    </None>
    <None Include="RFGR Structs\Unit4Namespace.h">
      <Filter>RFGR Structs</Filter>
    </None>
    <None Include="RFGR Structs\BasicTypes.h">
      <Filter>RFGR Structs</Filter>
    </None>
  </ItemGroup>
</Project>