<?xml version="1.0" encoding="utf-8"?>
<Project ToolsVersion="4.0" xmlns="http://schemas.microsoft.com/developer/msbuild/2003">
  <ItemGroup>
    <Filter Include="Source Files">
      <UniqueIdentifier>{4FC737F1-C7A5-4376-A066-2A32D752A2FF}</UniqueIdentifier>
      <Extensions>cpp;c;cc;cxx;def;odl;idl;hpj;bat;asm;asmx</Extensions>
    </Filter>
    <Filter Include="Header Files">
      <UniqueIdentifier>{93995380-89BD-4b04-88EB-625FBE52EBFB}</UniqueIdentifier>
      <Extensions>h;hh;hpp;hxx;hm;inl;inc;ipp;xsd</Extensions>
    </Filter>
    <Filter Include="Resource Files">
      <UniqueIdentifier>{67DA6AB6-F800-4c08-8B7A-83BB121AAD01}</UniqueIdentifier>
      <Extensions>rc;ico;cur;bmp;dlg;rc2;rct;bin;rgs;gif;jpg;jpeg;jpe;resx;tiff;tif;png;wav;mfcribbon-ms</Extensions>
    </Filter>
    <Filter Include="D3D11 Hook + ImGui">
      <UniqueIdentifier>{7dc8ed92-9f36-4fd6-ad03-7b3b12238419}</UniqueIdentifier>
    </Filter>
    <Filter Include="D3D11 Hook + ImGui\Source Files">
      <UniqueIdentifier>{c9164e90-fb84-4cc1-8355-f60110ece66e}</UniqueIdentifier>
    </Filter>
    <Filter Include="D3D11 Hook + ImGui\Header Files">
      <UniqueIdentifier>{6edcbbe3-b2c8-44d0-80ec-0c107fb48a24}</UniqueIdentifier>
    </Filter>
    <Filter Include="RFGR Structs">
      <UniqueIdentifier>{ac7bae05-808c-43c4-8c08-ddc078f44eb2}</UniqueIdentifier>
    </Filter>
    <Filter Include="Overlay Gui">
      <UniqueIdentifier>{a6d8a793-b545-460c-a878-f5b9f6e89230}</UniqueIdentifier>
    </Filter>
    <Filter Include="Overlay Gui\Header Files">
      <UniqueIdentifier>{4213c34b-ed34-4d0e-997b-e49465ec1935}</UniqueIdentifier>
    </Filter>
    <Filter Include="Overlay Gui\Source Files">
      <UniqueIdentifier>{8cf5668e-7dab-4a97-b150-32b57f0c4179}</UniqueIdentifier>
    </Filter>
  </ItemGroup>
  <ItemGroup>
    <ClCompile Include="CameraWrapper.cpp">
      <Filter>Source Files</Filter>
    </ClCompile>
    <ClCompile Include="Main.cpp">
      <Filter>Source Files</Filter>
    </ClCompile>
    <ClCompile Include="SnippetManager.cpp">
      <Filter>Source Files</Filter>
    </ClCompile>
    <ClCompile Include="ProgramManager.cpp">
      <Filter>Source Files</Filter>
    </ClCompile>
    <ClCompile Include="FunctionManager.cpp">
      <Filter>Source Files</Filter>
    </ClCompile>
    <ClCompile Include="ScriptManager.cpp">
      <Filter>Source Files</Filter>
    </ClCompile>
    <ClCompile Include="Functions.cpp">
      <Filter>Source Files</Filter>
    </ClCompile>
    <ClCompile Include="include\kiero\kiero.cpp">
      <Filter>D3D11 Hook + ImGui\Source Files</Filter>
    </ClCompile>
    <ClCompile Include="include\ImGui\imgui.cpp">
      <Filter>D3D11 Hook + ImGui\Source Files</Filter>
    </ClCompile>
    <ClCompile Include="include\ImGui\imgui_demo.cpp">
      <Filter>D3D11 Hook + ImGui\Source Files</Filter>
    </ClCompile>
    <ClCompile Include="include\ImGui\imgui_draw.cpp">
      <Filter>D3D11 Hook + ImGui\Source Files</Filter>
    </ClCompile>
    <ClCompile Include="include\ImGui\imgui_widgets.cpp">
      <Filter>D3D11 Hook + ImGui\Source Files</Filter>
    </ClCompile>
    <ClCompile Include="imgui_impl_dx11.cpp">
      <Filter>D3D11 Hook + ImGui\Source Files</Filter>
    </ClCompile>
    <ClCompile Include="imgui_impl_win32.cpp">
      <Filter>D3D11 Hook + ImGui\Source Files</Filter>
    </ClCompile>
    <ClCompile Include="Hooks.cpp">
      <Filter>Source Files</Filter>
    </ClCompile>
    <ClCompile Include="Globals.cpp">
      <Filter>Source Files</Filter>
    </ClCompile>
    <ClCompile Include="Includes.cpp">
      <Filter>Source Files</Filter>
    </ClCompile>
    <ClCompile Include="imgui_stdlib.cpp">
      <Filter>D3D11 Hook + ImGui\Source Files</Filter>
    </ClCompile>
    <ClCompile Include="Logger.cpp">
      <Filter>Source Files</Filter>
    </ClCompile>
    <ClCompile Include="HookManager.cpp">
      <Filter>Source Files</Filter>
    </ClCompile>
    <ClCompile Include="Utilities.cpp">
      <Filter>Source Files</Filter>
    </ClCompile>
    <ClCompile Include="GuiSystem.cpp">
      <Filter>Overlay Gui\Source Files</Filter>
    </ClCompile>
    <ClCompile Include="OverlayConsole.cpp">
      <Filter>Overlay Gui\Source Files</Filter>
    </ClCompile>
    <ClCompile Include="TeleportGui.cpp">
      <Filter>Overlay Gui\Source Files</Filter>
    </ClCompile>
    <ClCompile Include="ThemeEditorGui.cpp">
      <Filter>Overlay Gui\Source Files</Filter>
    </ClCompile>
    <ClCompile Include="IntrospectionGui.cpp">
      <Filter>Overlay Gui\Source Files</Filter>
    </ClCompile>
    <ClCompile Include="GeneralTweaksGui.cpp">
      <Filter>Overlay Gui\Source Files</Filter>
    </ClCompile>
    <ClCompile Include="TextEditor.cpp">
      <Filter>Overlay Gui\Source Files</Filter>
    </ClCompile>
    <ClCompile Include="ScriptSelectGui.cpp">
      <Filter>Overlay Gui\Source Files</Filter>
    </ClCompile>
    <ClCompile Include="MenuBarGui.cpp">
      <Filter>Overlay Gui\Source Files</Filter>
    </ClCompile>
    <ClCompile Include="LogWindow.cpp">
      <Filter>Overlay Gui\Source Files</Filter>
    </ClCompile>
    <ClCompile Include="WelcomeGui.cpp">
      <Filter>Overlay Gui\Source Files</Filter>
    </ClCompile>
  </ItemGroup>
  <ItemGroup>
    <ClInclude Include="CameraWrapper.h">
      <Filter>Header Files</Filter>
    </ClInclude>
    <ClInclude Include="Functions.h">
      <Filter>Header Files</Filter>
    </ClInclude>
    <ClInclude Include="Hooks.h">
      <Filter>Header Files</Filter>
    </ClInclude>
    <ClInclude Include="FunctionManager.h">
      <Filter>Header Files</Filter>
    </ClInclude>
    <ClInclude Include="include\kiero\kiero.h">
      <Filter>D3D11 Hook + ImGui\Header Files</Filter>
    </ClInclude>
    <ClInclude Include="include\MinHook\MinHook.h">
      <Filter>Header Files</Filter>
    </ClInclude>
    <ClInclude Include="include\ImGui\imconfig.h">
      <Filter>D3D11 Hook + ImGui\Header Files</Filter>
    </ClInclude>
    <ClInclude Include="include\ImGui\imgui.h">
      <Filter>D3D11 Hook + ImGui\Header Files</Filter>
    </ClInclude>
    <ClInclude Include="include\ImGui\imgui_internal.h">
      <Filter>D3D11 Hook + ImGui\Header Files</Filter>
    </ClInclude>
    <ClInclude Include="include\ImGui\imstb_rectpack.h">
      <Filter>D3D11 Hook + ImGui\Header Files</Filter>
    </ClInclude>
    <ClInclude Include="include\ImGui\imstb_textedit.h">
      <Filter>D3D11 Hook + ImGui\Header Files</Filter>
    </ClInclude>
    <ClInclude Include="include\ImGui\imstb_truetype.h">
      <Filter>D3D11 Hook + ImGui\Header Files</Filter>
    </ClInclude>
    <ClInclude Include="imgui_impl_dx11.h">
      <Filter>D3D11 Hook + ImGui\Header Files</Filter>
    </ClInclude>
    <ClInclude Include="imgui_impl_win32.h">
      <Filter>D3D11 Hook + ImGui\Header Files</Filter>
    </ClInclude>
    <ClInclude Include="DeepCodeStorage.h">
      <Filter>Header Files</Filter>
    </ClInclude>
    <ClInclude Include="RFGR Structs\Unit4Namespace.h">
      <Filter>RFGR Structs</Filter>
    </ClInclude>
    <ClInclude Include="RFGR Structs\BasicTypes.h">
      <Filter>RFGR Structs</Filter>
    </ClInclude>
    <ClInclude Include="RFGR Structs\MiscTypes.h">
      <Filter>RFGR Structs</Filter>
    </ClInclude>
    <ClInclude Include="RFGR Structs\KaikoNamespace.h">
      <Filter>RFGR Structs</Filter>
    </ClInclude>
    <ClInclude Include="RFGR Structs\KeenNamespace.h">
      <Filter>RFGR Structs</Filter>
    </ClInclude>
    <ClInclude Include="imgui_stdlib.h">
      <Filter>D3D11 Hook + ImGui\Header Files</Filter>
    </ClInclude>
    <ClInclude Include="RFGR Structs\KeenGameFrameworkSystem.hpp">
      <Filter>RFGR Structs</Filter>
    </ClInclude>
    <ClInclude Include="RFGR Structs\KeenGraphicsSystem.hpp">
      <Filter>RFGR Structs</Filter>
    </ClInclude>
    <ClInclude Include="RFGR Structs\KeenMemorySystem.hpp">
      <Filter>RFGR Structs</Filter>
    </ClInclude>
    <ClInclude Include="RFGR Structs\KeenSoundSystem.hpp">
      <Filter>RFGR Structs</Filter>
    </ClInclude>
    <ClInclude Include="ProgramManager.h">
      <Filter>Header Files</Filter>
    </ClInclude>
    <ClInclude Include="RFGR_Types.h">
      <Filter>Header Files</Filter>
    </ClInclude>
    <ClInclude Include="RFGR_Types_Player.h">
      <Filter>Header Files</Filter>
    </ClInclude>
    <ClInclude Include="ScriptManager.h">
      <Filter>Header Files</Filter>
    </ClInclude>
    <ClInclude Include="SnippetManager.h">
      <Filter>Header Files</Filter>
    </ClInclude>
    <ClInclude Include="Includes.h">
      <Filter>Header Files</Filter>
    </ClInclude>
    <ClInclude Include="Logger.h">
      <Filter>Header Files</Filter>
    </ClInclude>
    <ClInclude Include="Globals.h">
      <Filter>Header Files</Filter>
    </ClInclude>
    <ClInclude Include="HookManager.h">
      <Filter>Header Files</Filter>
    </ClInclude>
    <ClInclude Include="RFGR_Type_UI.h">
      <Filter>Header Files</Filter>
    </ClInclude>
    <ClInclude Include="Utilities.h">
      <Filter>Header Files</Filter>
    </ClInclude>
    <ClInclude Include="GuiSystem.h">
      <Filter>Overlay Gui\Header Files</Filter>
    </ClInclude>
    <ClInclude Include="OverlayConsole.h">
      <Filter>Overlay Gui\Header Files</Filter>
    </ClInclude>
    <ClInclude Include="TeleportGui.h">
      <Filter>Overlay Gui\Header Files</Filter>
    </ClInclude>
    <ClInclude Include="ThemeEditorGui.h">
      <Filter>Overlay Gui\Header Files</Filter>
    </ClInclude>
    <ClInclude Include="IntrospectionGui.h">
      <Filter>Overlay Gui\Header Files</Filter>
    </ClInclude>
    <ClInclude Include="GeneralTweaksGui.h">
      <Filter>Overlay Gui\Header Files</Filter>
    </ClInclude>
    <ClInclude Include="TextEditor.h">
      <Filter>Overlay Gui\Header Files</Filter>
    </ClInclude>
    <ClInclude Include="ScriptSelectGui.h">
      <Filter>Overlay Gui\Header Files</Filter>
    </ClInclude>
    <ClInclude Include="MenuBarGui.h">
      <Filter>Overlay Gui\Header Files</Filter>
    </ClInclude>
    <ClInclude Include="LogWindow.h">
      <Filter>Overlay Gui\Header Files</Filter>
    </ClInclude>
    <ClInclude Include="WelcomeGui.h">
      <Filter>Overlay Gui\Header Files</Filter>
    </ClInclude>
    <ClInclude Include="RFGR_Types_World.h">
      <Filter>Header Files</Filter>
    </ClInclude>
    <ClInclude Include="KeenNamespace2.h">
      <Filter>RFGR Structs</Filter>
    </ClInclude>
  </ItemGroup>
  <ItemGroup>
    <None Include="RFGR Structs\rfg.h">
      <Filter>RFGR Structs</Filter>
    </None>
    <None Include="RFGR Structs\KeenNamespace2.h">
      <Filter>Header Files</Filter>
    </None>
    <None Include="RFGR Structs\KeenFileSystem.h">
      <Filter>RFGR Structs</Filter>
    </None>
    <None Include="RFGR Structs\KeenTlsfAllocator.h">
      <Filter>RFGR Structs</Filter>
    </None>
    <None Include="RFGR Structs\KeenRenderEffectSystem.h">
      <Filter>RFGR Structs</Filter>
    </None>
    <None Include="RFGR Structs\KeenTaskSystem.h">
      <Filter>RFGR Structs</Filter>
    </None>
  </ItemGroup>
</Project>